
Microsoft Visual Studio Solution File, Format Version 12.00
# Visual Studio Version 16
VisualStudioVersion = 16.0.29411.108
MinimumVisualStudioVersion = 10.0.40219.1
Project("{FAE04EC0-301F-11D3-BF4B-00C04F79EFBC}") = "ConsultaClimaApp.Android", "ConsultaClimaApp\ConsultaClimaApp.Android\ConsultaClimaApp.Android.csproj", "{828B4F69-DF48-4042-83C5-B1F7298153A2}"
EndProject
Project("{FAE04EC0-301F-11D3-BF4B-00C04F79EFBC}") = "ConsultaClimaApp.iOS", "ConsultaClimaApp\ConsultaClimaApp.iOS\ConsultaClimaApp.iOS.csproj", "{6A584851-C931-4724-953F-60A26BC9744B}"
EndProject
Project("{FAE04EC0-301F-11D3-BF4B-00C04F79EFBC}") = "ConsultaClimaApp", "ConsultaClimaApp\ConsultaClimaApp\ConsultaClimaApp.csproj", "{96ECD613-19A1-4B69-9D80-2483D6EF8987}"
EndProject
Global
	GlobalSection(SolutionConfigurationPlatforms) = preSolution
		Debug|Any CPU = Debug|Any CPU
		Debug|iPhone = Debug|iPhone
		Debug|iPhoneSimulator = Debug|iPhoneSimulator
		Release|Any CPU = Release|Any CPU
		Release|iPhone = Release|iPhone
		Release|iPhoneSimulator = Release|iPhoneSimulator
	EndGlobalSection
	GlobalSection(ProjectConfigurationPlatforms) = postSolution
		{828B4F69-DF48-4042-83C5-B1F7298153A2}.Debug|Any CPU.ActiveCfg = Debug|Any CPU
		{828B4F69-DF48-4042-83C5-B1F7298153A2}.Debug|Any CPU.Build.0 = Debug|Any CPU
		{828B4F69-DF48-4042-83C5-B1F7298153A2}.Debug|Any CPU.Deploy.0 = Debug|Any CPU
		{828B4F69-DF48-4042-83C5-B1F7298153A2}.Debug|iPhone.ActiveCfg = Debug|Any CPU
		{828B4F69-DF48-4042-83C5-B1F7298153A2}.Debug|iPhone.Build.0 = Debug|Any CPU
		{828B4F69-DF48-4042-83C5-B1F7298153A2}.Debug|iPhone.Deploy.0 = Debug|Any CPU
		{828B4F69-DF48-4042-83C5-B1F7298153A2}.Debug|iPhoneSimulator.ActiveCfg = Debug|Any CPU
		{828B4F69-DF48-4042-83C5-B1F7298153A2}.Debug|iPhoneSimulator.Build.0 = Debug|Any CPU
		{828B4F69-DF48-4042-83C5-B1F7298153A2}.Debug|iPhoneSimulator.Deploy.0 = Debug|Any CPU
		{828B4F69-DF48-4042-83C5-B1F7298153A2}.Release|Any CPU.ActiveCfg = Release|Any CPU
		{828B4F69-DF48-4042-83C5-B1F7298153A2}.Release|Any CPU.Build.0 = Release|Any CPU
		{828B4F69-DF48-4042-83C5-B1F7298153A2}.Release|Any CPU.Deploy.0 = Release|Any CPU
		{828B4F69-DF48-4042-83C5-B1F7298153A2}.Release|iPhone.ActiveCfg = Release|Any CPU
		{828B4F69-DF48-4042-83C5-B1F7298153A2}.Release|iPhone.Build.0 = Release|Any CPU
		{828B4F69-DF48-4042-83C5-B1F7298153A2}.Release|iPhone.Deploy.0 = Release|Any CPU
		{828B4F69-DF48-4042-83C5-B1F7298153A2}.Release|iPhoneSimulator.ActiveCfg = Release|Any CPU
		{828B4F69-DF48-4042-83C5-B1F7298153A2}.Release|iPhoneSimulator.Build.0 = Release|Any CPU
		{828B4F69-DF48-4042-83C5-B1F7298153A2}.Release|iPhoneSimulator.Deploy.0 = Release|Any CPU
		{6A584851-C931-4724-953F-60A26BC9744B}.Debug|Any CPU.ActiveCfg = Debug|iPhoneSimulator
		{6A584851-C931-4724-953F-60A26BC9744B}.Debug|Any CPU.Build.0 = Debug|iPhoneSimulator
		{6A584851-C931-4724-953F-60A26BC9744B}.Debug|Any CPU.Deploy.0 = Debug|iPhoneSimulator
		{6A584851-C931-4724-953F-60A26BC9744B}.Debug|iPhone.ActiveCfg = Debug|iPhone
		{6A584851-C931-4724-953F-60A26BC9744B}.Debug|iPhone.Build.0 = Debug|iPhone
		{6A584851-C931-4724-953F-60A26BC9744B}.Debug|iPhone.Deploy.0 = Debug|iPhone
		{6A584851-C931-4724-953F-60A26BC9744B}.Debug|iPhoneSimulator.ActiveCfg = Debug|iPhoneSimulator
		{6A584851-C931-4724-953F-60A26BC9744B}.Debug|iPhoneSimulator.Build.0 = Debug|iPhoneSimulator
		{6A584851-C931-4724-953F-60A26BC9744B}.Debug|iPhoneSimulator.Deploy.0 = Debug|iPhoneSimulator
		{6A584851-C931-4724-953F-60A26BC9744B}.Release|Any CPU.ActiveCfg = Release|iPhone
		{6A584851-C931-4724-953F-60A26BC9744B}.Release|Any CPU.Build.0 = Release|iPhone
		{6A584851-C931-4724-953F-60A26BC9744B}.Release|Any CPU.Deploy.0 = Release|iPhone
		{6A584851-C931-4724-953F-60A26BC9744B}.Release|iPhone.ActiveCfg = Release|iPhone
		{6A584851-C931-4724-953F-60A26BC9744B}.Release|iPhone.Build.0 = Release|iPhone
		{6A584851-C931-4724-953F-60A26BC9744B}.Release|iPhone.Deploy.0 = Release|iPhone
		{6A584851-C931-4724-953F-60A26BC9744B}.Release|iPhoneSimulator.ActiveCfg = Release|iPhoneSimulator
		{6A584851-C931-4724-953F-60A26BC9744B}.Release|iPhoneSimulator.Build.0 = Release|iPhoneSimulator
		{6A584851-C931-4724-953F-60A26BC9744B}.Release|iPhoneSimulator.Deploy.0 = Release|iPhoneSimulator
		{96ECD613-19A1-4B69-9D80-2483D6EF8987}.Debug|Any CPU.ActiveCfg = Debug|Any CPU
		{96ECD613-19A1-4B69-9D80-2483D6EF8987}.Debug|Any CPU.Build.0 = Debug|Any CPU
		{96ECD613-19A1-4B69-9D80-2483D6EF8987}.Debug|Any CPU.Deploy.0 = Debug|Any CPU
		{96ECD613-19A1-4B69-9D80-2483D6EF8987}.Debug|iPhone.ActiveCfg = Debug|Any CPU
		{96ECD613-19A1-4B69-9D80-2483D6EF8987}.Debug|iPhone.Build.0 = Debug|Any CPU
		{96ECD613-19A1-4B69-9D80-2483D6EF8987}.Debug|iPhone.Deploy.0 = Debug|Any CPU
		{96ECD613-19A1-4B69-9D80-2483D6EF8987}.Debug|iPhoneSimulator.ActiveCfg = Debug|Any CPU
		{96ECD613-19A1-4B69-9D80-2483D6EF8987}.Debug|iPhoneSimulator.Build.0 = Debug|Any CPU
		{96ECD613-19A1-4B69-9D80-2483D6EF8987}.Debug|iPhoneSimulator.Deploy.0 = Debug|Any CPU
		{96ECD613-19A1-4B69-9D80-2483D6EF8987}.Release|Any CPU.ActiveCfg = Release|Any CPU
		{96ECD613-19A1-4B69-9D80-2483D6EF8987}.Release|Any CPU.Build.0 = Release|Any CPU
		{96ECD613-19A1-4B69-9D80-2483D6EF8987}.Release|Any CPU.Deploy.0 = Release|Any CPU
		{96ECD613-19A1-4B69-9D80-2483D6EF8987}.Release|iPhone.ActiveCfg = Release|Any CPU
		{96ECD613-19A1-4B69-9D80-2483D6EF8987}.Release|iPhone.Build.0 = Release|Any CPU
		{96ECD613-19A1-4B69-9D80-2483D6EF8987}.Release|iPhone.Deploy.0 = Release|Any CPU
		{96ECD613-19A1-4B69-9D80-2483D6EF8987}.Release|iPhoneSimulator.ActiveCfg = Release|Any CPU
		{96ECD613-19A1-4B69-9D80-2483D6EF8987}.Release|iPhoneSimulator.Build.0 = Release|Any CPU
		{96ECD613-19A1-4B69-9D80-2483D6EF8987}.Release|iPhoneSimulator.Deploy.0 = Release|Any CPU
	EndGlobalSection
	GlobalSection(SolutionProperties) = preSolution
		HideSolutionNode = FALSE
	EndGlobalSection
	GlobalSection(ExtensibilityGlobals) = postSolution
		SolutionGuid = {14055AEE-6882-4927-9539-8B0B26FF8720}
	EndGlobalSection
EndGlobal
